{
  "nodes": {
    "gogenfilter": {
      "flake": false,
      "locked": {
        "lastModified": 1777917982,
        "narHash": "sha256-gtMTEnL0uQ7OXVbFpIkRgNhostduN+xoEg+MADWsSS8=",
        "ref": "refs/heads/master",
        "rev": "235fb88077c78a5aa78d142e474154218bb98e89",
        "revCount": 520,
        "type": "git",
        "url": "ssh://git@github.com/LarsArtmann/gogenfilter"
      },
      "original": {
        "rev": "235fb88077c78a5aa78d142e474154218bb98e89",
        "type": "git",
        "url": "ssh://git@github.com/LarsArtmann/gogenfilter"
      }
    },
    "nixpkgs": {
      "locked": {
        "lastModified": 1778443072,
        "narHash": "sha256-zi7/fsqM/kFdNuED//4WOCUtezGtKKqRNORjMvfwjnA=",
        "owner": "NixOS",
        "repo": "nixpkgs",
        "rev": "da5ad661ba4e5ef59ba743f0d112cbc30e474f32",
        "type": "github"
      },
      "original": {
        "owner": "NixOS",
        "ref": "nixos-unstable",
        "repo": "nixpkgs",
        "type": "github"
      }
    },
    "root": {
      "inputs": {
        "gogenfilter": "gogenfilter",
        "nixpkgs": "nixpkgs"
      }
    }
  },
  "root": "root",
  "version": 7
}
