{
  "nodes": {
    "gogenfilter": {
      "flake": false,
      "locked": {
        "lastModified": 1779859053,
        "narHash": "sha256-rc1YZPz4xDnmJ5UmQfZHRHxCjiEY6OZcQF4unXB+N3M=",
        "ref": "refs/heads/master",
        "rev": "fbdc2a5b9db17432f9e6a9e1c29e2afeb7b16f6a",
        "revCount": 637,
        "type": "git",
        "url": "ssh://git@github.com/LarsArtmann/gogenfilter"
      },
      "original": {
        "rev": "fbdc2a5b9db17432f9e6a9e1c29e2afeb7b16f6a",
        "type": "git",
        "url": "ssh://git@github.com/LarsArtmann/gogenfilter"
      }
    },
    "nixpkgs": {
      "locked": {
        "lastModified": 1779560665,
        "narHash": "sha256-tpyBcxPpcQb8ukyNF7DoCwfSY3VPsxHoYwj00Cayv5o=",
        "owner": "NixOS",
        "repo": "nixpkgs",
        "rev": "64c08a7ca051951c8eae34e3e3cb1e202fe36786",
        "type": "github"
      },
      "original": {
        "owner": "NixOS",
        "ref": "nixos-unstable",
        "repo": "nixpkgs",
        "type": "github"
      }
    },
    "root": {
      "inputs": {
        "gogenfilter": "gogenfilter",
        "nixpkgs": "nixpkgs"
      }
    }
  },
  "root": "root",
  "version": 7
}
