{
  "nodes": {
    "gogenfilter": {
      "flake": false,
      "locked": {
        "lastModified": 1777066692,
        "narHash": "sha256-NeHQv1r9vKpQHz9BHCBXuT/cc8TcGFu1Golwh86YQ4c=",
        "ref": "refs/heads/master",
        "rev": "5957230e34ed14cde1999d7a379ef71a6989e3a1",
        "revCount": 249,
        "type": "git",
        "url": "ssh://git@github.com/LarsArtmann/gogenfilter"
      },
      "original": {
        "rev": "5957230e34ed14cde1999d7a379ef71a6989e3a1",
        "type": "git",
        "url": "ssh://git@github.com/LarsArtmann/gogenfilter"
      }
    },
    "nixpkgs": {
      "locked": {
        "lastModified": 1777270315,
        "narHash": "sha256-yKB4G6cKsQsWN7M6rZGk6gkJPDNPIzT05y4qzRyCDlI=",
        "owner": "NixOS",
        "repo": "nixpkgs",
        "rev": "6368eda62c9775c38ef7f714b2555a741c20c72d",
        "type": "github"
      },
      "original": {
        "owner": "NixOS",
        "ref": "nixpkgs-unstable",
        "repo": "nixpkgs",
        "type": "github"
      }
    },
    "root": {
      "inputs": {
        "gogenfilter": "gogenfilter",
        "nixpkgs": "nixpkgs"
      }
    }
  },
  "root": "root",
  "version": 7
}
